
Microsoft Visual Studio Solution File, Format Version 12.00
# Visual Studio Version 16
VisualStudioVersion = 16.0.29001.49
MinimumVisualStudioVersion = 10.0.40219.1
Project("{FAE04EC0-301F-11D3-BF4B-00C04F79EFBC}") = "MainCorreo", "MainCorreo\MainCorreo.csproj", "{FD9D1FE5-6F41-425A-9A7B-FE7306436C24}"
EndProject
Project("{FAE04EC0-301F-11D3-BF4B-00C04F79EFBC}") = "Entidades", "Entidades\Entidades.csproj", "{68858D43-B63B-4220-839F-0B670D84FFA2}"
EndProject
Project("{FAE04EC0-301F-11D3-BF4B-00C04F79EFBC}") = "TestUnitarios", "TestUnitarios\TestUnitarios.csproj", "{2F127A20-3ABB-495B-9ABC-C5F55EC3AEF2}"
EndProject
Global
	GlobalSection(SolutionConfigurationPlatforms) = preSolution
		Debug|Any CPU = Debug|Any CPU
		Release|Any CPU = Release|Any CPU
	EndGlobalSection
	GlobalSection(ProjectConfigurationPlatforms) = postSolution
		{FD9D1FE5-6F41-425A-9A7B-FE7306436C24}.Debug|Any CPU.ActiveCfg = Debug|Any CPU
		{FD9D1FE5-6F41-425A-9A7B-FE7306436C24}.Debug|Any CPU.Build.0 = Debug|Any CPU
		{FD9D1FE5-6F41-425A-9A7B-FE7306436C24}.Release|Any CPU.ActiveCfg = Release|Any CPU
		{FD9D1FE5-6F41-425A-9A7B-FE7306436C24}.Release|Any CPU.Build.0 = Release|Any CPU
		{68858D43-B63B-4220-839F-0B670D84FFA2}.Debug|Any CPU.ActiveCfg = Debug|Any CPU
		{68858D43-B63B-4220-839F-0B670D84FFA2}.Debug|Any CPU.Build.0 = Debug|Any CPU
		{68858D43-B63B-4220-839F-0B670D84FFA2}.Release|Any CPU.ActiveCfg = Release|Any CPU
		{68858D43-B63B-4220-839F-0B670D84FFA2}.Release|Any CPU.Build.0 = Release|Any CPU
		{2F127A20-3ABB-495B-9ABC-C5F55EC3AEF2}.Debug|Any CPU.ActiveCfg = Debug|Any CPU
		{2F127A20-3ABB-495B-9ABC-C5F55EC3AEF2}.Debug|Any CPU.Build.0 = Debug|Any CPU
		{2F127A20-3ABB-495B-9ABC-C5F55EC3AEF2}.Release|Any CPU.ActiveCfg = Release|Any CPU
		{2F127A20-3ABB-495B-9ABC-C5F55EC3AEF2}.Release|Any CPU.Build.0 = Release|Any CPU
	EndGlobalSection
	GlobalSection(SolutionProperties) = preSolution
		HideSolutionNode = FALSE
	EndGlobalSection
	GlobalSection(ExtensibilityGlobals) = postSolution
		SolutionGuid = {ABCC4D16-3830-4EA1-A621-D9CAD8287C5A}
	EndGlobalSection
EndGlobal
